{
  "name": "dinman",
  "version": "2.0.0-0",
  "lockfileVersion": 1,
  "requires": true,
  "dependencies": {
    "strip-json-comments": {
      "version": "2.0.1",
      "resolved": "https://registry.npmjs.org/strip-json-comments/-/strip-json-comments-2.0.1.tgz",
      "integrity": "sha1-PFMZQukIwml8DsNEhYwobHygpgo="
    }
  }
}
